
Microsoft Visual Studio Solution File, Format Version 12.00
# Visual Studio Version 16
VisualStudioVersion = 16.0.31702.278
MinimumVisualStudioVersion = 10.0.40219.1
Project("{FAE04EC0-301F-11D3-BF4B-00C04F79EFBC}") = "1.Single_Responsibility_Principle", "1.Single_Responsibility_Principle\1.Single_Responsibility_Principle.csproj", "{3FBA1214-3C25-441D-90AB-7DF7DD46B071}"
EndProject
Project("{FAE04EC0-301F-11D3-BF4B-00C04F79EFBC}") = "2.Open_Closed_Principle", "2.Open_Closed_Principle\2.Open_Closed_Principle.csproj", "{4FB373A9-9DA7-4F53-96E1-50ED0F4048D8}"
EndProject
Project("{FAE04EC0-301F-11D3-BF4B-00C04F79EFBC}") = "3.Liskov_Substitution _Principle", "3.Liskov_Substitution _Principle\3.Liskov_Substitution _Principle.csproj", "{6B6ED8E7-1D1B-4278-AD4E-D11054FAEF55}"
EndProject
Project("{FAE04EC0-301F-11D3-BF4B-00C04F79EFBC}") = "4.Interface_Segregation_Principle", "4.Interface_Segregation_Principle\4.Interface_Segregation_Principle.csproj", "{FED1CA13-7125-48D1-AEA4-79C107EEC792}"
EndProject
Project("{FAE04EC0-301F-11D3-BF4B-00C04F79EFBC}") = "5.Dependency_Inversion _Principle", "5.Dependency_Inversion _Principle\5.Dependency_Inversion _Principle.csproj", "{928A640A-A04E-480A-8456-69AD2602077F}"
EndProject
Project("{FAE04EC0-301F-11D3-BF4B-00C04F79EFBC}") = "DRY_Principle", "DRY_Principle\DRY_Principle.csproj", "{068F0848-A21D-4D2D-B6B6-B7FB943DBEFE}"
EndProject
Global
	GlobalSection(SolutionConfigurationPlatforms) = preSolution
		Debug|Any CPU = Debug|Any CPU
		Release|Any CPU = Release|Any CPU
	EndGlobalSection
	GlobalSection(ProjectConfigurationPlatforms) = postSolution
		{3FBA1214-3C25-441D-90AB-7DF7DD46B071}.Debug|Any CPU.ActiveCfg = Debug|Any CPU
		{3FBA1214-3C25-441D-90AB-7DF7DD46B071}.Debug|Any CPU.Build.0 = Debug|Any CPU
		{3FBA1214-3C25-441D-90AB-7DF7DD46B071}.Release|Any CPU.ActiveCfg = Release|Any CPU
		{3FBA1214-3C25-441D-90AB-7DF7DD46B071}.Release|Any CPU.Build.0 = Release|Any CPU
		{4FB373A9-9DA7-4F53-96E1-50ED0F4048D8}.Debug|Any CPU.ActiveCfg = Debug|Any CPU
		{4FB373A9-9DA7-4F53-96E1-50ED0F4048D8}.Debug|Any CPU.Build.0 = Debug|Any CPU
		{4FB373A9-9DA7-4F53-96E1-50ED0F4048D8}.Release|Any CPU.ActiveCfg = Release|Any CPU
		{4FB373A9-9DA7-4F53-96E1-50ED0F4048D8}.Release|Any CPU.Build.0 = Release|Any CPU
		{6B6ED8E7-1D1B-4278-AD4E-D11054FAEF55}.Debug|Any CPU.ActiveCfg = Debug|Any CPU
		{6B6ED8E7-1D1B-4278-AD4E-D11054FAEF55}.Debug|Any CPU.Build.0 = Debug|Any CPU
		{6B6ED8E7-1D1B-4278-AD4E-D11054FAEF55}.Release|Any CPU.ActiveCfg = Release|Any CPU
		{6B6ED8E7-1D1B-4278-AD4E-D11054FAEF55}.Release|Any CPU.Build.0 = Release|Any CPU
		{FED1CA13-7125-48D1-AEA4-79C107EEC792}.Debug|Any CPU.ActiveCfg = Debug|Any CPU
		{FED1CA13-7125-48D1-AEA4-79C107EEC792}.Debug|Any CPU.Build.0 = Debug|Any CPU
		{FED1CA13-7125-48D1-AEA4-79C107EEC792}.Release|Any CPU.ActiveCfg = Release|Any CPU
		{FED1CA13-7125-48D1-AEA4-79C107EEC792}.Release|Any CPU.Build.0 = Release|Any CPU
		{928A640A-A04E-480A-8456-69AD2602077F}.Debug|Any CPU.ActiveCfg = Debug|Any CPU
		{928A640A-A04E-480A-8456-69AD2602077F}.Debug|Any CPU.Build.0 = Debug|Any CPU
		{928A640A-A04E-480A-8456-69AD2602077F}.Release|Any CPU.ActiveCfg = Release|Any CPU
		{928A640A-A04E-480A-8456-69AD2602077F}.Release|Any CPU.Build.0 = Release|Any CPU
		{068F0848-A21D-4D2D-B6B6-B7FB943DBEFE}.Debug|Any CPU.ActiveCfg = Debug|Any CPU
		{068F0848-A21D-4D2D-B6B6-B7FB943DBEFE}.Debug|Any CPU.Build.0 = Debug|Any CPU
		{068F0848-A21D-4D2D-B6B6-B7FB943DBEFE}.Release|Any CPU.ActiveCfg = Release|Any CPU
		{068F0848-A21D-4D2D-B6B6-B7FB943DBEFE}.Release|Any CPU.Build.0 = Release|Any CPU
	EndGlobalSection
	GlobalSection(SolutionProperties) = preSolution
		HideSolutionNode = FALSE
	EndGlobalSection
	GlobalSection(ExtensibilityGlobals) = postSolution
		SolutionGuid = {D50005A2-8CF8-4A06-B3A9-CBB70E57217C}
	EndGlobalSection
EndGlobal
